
Microsoft Visual Studio Solution File, Format Version 12.00
# Visual Studio Version 17
VisualStudioVersion = 17.0.32014.148
MinimumVisualStudioVersion = 10.0.40219.1
Project("{FAE04EC0-301F-11D3-BF4B-00C04F79EFBC}") = "Test.Api", "Test.Api\Test.Api.csproj", "{BFA7A7F5-E582-49BE-AC74-E5EF209B2BDE}"
EndProject
Project("{FAE04EC0-301F-11D3-BF4B-00C04F79EFBC}") = "Core", "Core\Core.csproj", "{618C5CEE-DE4B-45D5-9B7E-DD6DA4B398B7}"
EndProject
Project("{FAE04EC0-301F-11D3-BF4B-00C04F79EFBC}") = "Infraestructure", "Infraestructure\Infraestructure.csproj", "{FE93163C-5776-4EE8-B3F2-0DD439FA7492}"
EndProject
Global
	GlobalSection(SolutionConfigurationPlatforms) = preSolution
		Debug|Any CPU = Debug|Any CPU
		Release|Any CPU = Release|Any CPU
	EndGlobalSection
	GlobalSection(ProjectConfigurationPlatforms) = postSolution
		{BFA7A7F5-E582-49BE-AC74-E5EF209B2BDE}.Debug|Any CPU.ActiveCfg = Debug|Any CPU
		{BFA7A7F5-E582-49BE-AC74-E5EF209B2BDE}.Debug|Any CPU.Build.0 = Debug|Any CPU
		{BFA7A7F5-E582-49BE-AC74-E5EF209B2BDE}.Release|Any CPU.ActiveCfg = Release|Any CPU
		{BFA7A7F5-E582-49BE-AC74-E5EF209B2BDE}.Release|Any CPU.Build.0 = Release|Any CPU
		{618C5CEE-DE4B-45D5-9B7E-DD6DA4B398B7}.Debug|Any CPU.ActiveCfg = Debug|Any CPU
		{618C5CEE-DE4B-45D5-9B7E-DD6DA4B398B7}.Debug|Any CPU.Build.0 = Debug|Any CPU
		{618C5CEE-DE4B-45D5-9B7E-DD6DA4B398B7}.Release|Any CPU.ActiveCfg = Release|Any CPU
		{618C5CEE-DE4B-45D5-9B7E-DD6DA4B398B7}.Release|Any CPU.Build.0 = Release|Any CPU
		{FE93163C-5776-4EE8-B3F2-0DD439FA7492}.Debug|Any CPU.ActiveCfg = Debug|Any CPU
		{FE93163C-5776-4EE8-B3F2-0DD439FA7492}.Debug|Any CPU.Build.0 = Debug|Any CPU
		{FE93163C-5776-4EE8-B3F2-0DD439FA7492}.Release|Any CPU.ActiveCfg = Release|Any CPU
		{FE93163C-5776-4EE8-B3F2-0DD439FA7492}.Release|Any CPU.Build.0 = Release|Any CPU
	EndGlobalSection
	GlobalSection(SolutionProperties) = preSolution
		HideSolutionNode = FALSE
	EndGlobalSection
	GlobalSection(ExtensibilityGlobals) = postSolution
		SolutionGuid = {F8E8E505-8B3E-4A35-B8A0-4C374D68AE80}
	EndGlobalSection
EndGlobal
